
Microsoft Visual Studio Solution File, Format Version 12.00
# Visual Studio Version 17
VisualStudioVersion = 17.4.33213.308
MinimumVisualStudioVersion = 10.0.40219.1
Project("{FAE04EC0-301F-11D3-BF4B-00C04F79EFBC}") = "Dados_Rodolfo_Esteban_Unisur", "Dados_Rodolfo_Esteban_Unisur\Dados_Rodolfo_Esteban_Unisur.csproj", "{645FDC90-9B7D-405B-AB6F-A6365FF16E28}"
EndProject
Global
	GlobalSection(SolutionConfigurationPlatforms) = preSolution
		Debug|Any CPU = Debug|Any CPU
		Release|Any CPU = Release|Any CPU
	EndGlobalSection
	GlobalSection(ProjectConfigurationPlatforms) = postSolution
		{645FDC90-9B7D-405B-AB6F-A6365FF16E28}.Debug|Any CPU.ActiveCfg = Debug|Any CPU
		{645FDC90-9B7D-405B-AB6F-A6365FF16E28}.Debug|Any CPU.Build.0 = Debug|Any CPU
		{645FDC90-9B7D-405B-AB6F-A6365FF16E28}.Release|Any CPU.ActiveCfg = Release|Any CPU
		{645FDC90-9B7D-405B-AB6F-A6365FF16E28}.Release|Any CPU.Build.0 = Release|Any CPU
	EndGlobalSection
	GlobalSection(SolutionProperties) = preSolution
		HideSolutionNode = FALSE
	EndGlobalSection
	GlobalSection(ExtensibilityGlobals) = postSolution
		SolutionGuid = {B3D27085-D48F-4AA5-B068-426D1C65565F}
	EndGlobalSection
EndGlobal
